
Microsoft Visual Studio Solution File, Format Version 12.00
# Visual Studio Version 17
VisualStudioVersion = 17.4.32804.182
MinimumVisualStudioVersion = 10.0.40219.1
Project("{FAE04EC0-301F-11D3-BF4B-00C04F79EFBC}") = "RoutesREST", "RoutesREST.csproj", "{FF1BA292-A0E7-4E12-B036-75E21BD6E80E}"
EndProject
Global
	GlobalSection(SolutionConfigurationPlatforms) = preSolution
		Debug|Any CPU = Debug|Any CPU
		Release|Any CPU = Release|Any CPU
	EndGlobalSection
	GlobalSection(ProjectConfigurationPlatforms) = postSolution
		{FF1BA292-A0E7-4E12-B036-75E21BD6E80E}.Debug|Any CPU.ActiveCfg = Debug|Any CPU
		{FF1BA292-A0E7-4E12-B036-75E21BD6E80E}.Debug|Any CPU.Build.0 = Debug|Any CPU
		{FF1BA292-A0E7-4E12-B036-75E21BD6E80E}.Release|Any CPU.ActiveCfg = Release|Any CPU
		{FF1BA292-A0E7-4E12-B036-75E21BD6E80E}.Release|Any CPU.Build.0 = Release|Any CPU
	EndGlobalSection
	GlobalSection(SolutionProperties) = preSolution
		HideSolutionNode = FALSE
	EndGlobalSection
	GlobalSection(ExtensibilityGlobals) = postSolution
		SolutionGuid = {EF0EC670-5A98-4970-A6C4-189AD46D8298}
	EndGlobalSection
EndGlobal
